github.com/ledongthuc/pdf v0.0.0-20250511090121-5959a4027728 h1:QwWKgMY28TAXaDl+ExRDqGQltzXqN/xypdKP86niVn8=
github.com/ledongthuc/pdf v0.0.0-20250511090121-5959a4027728/go.mod h1:1fEHWurg7pvf5SG6XNE5Q8UZmOwex51Mkx3SLhrW5B4=
github.com/mattn/go-sqlite3 v1.14.18 h1:JL0eqdCOq6DJVNPSvArO/bIV9/P7fbGrV00LZHc+5aI=
github.com/mattn/go-sqlite3 v1.14.18/go.mod h1:2eHXhiwb8IkHr+BDWZGa96P6+rkvnG63S2DGjv9HUNg=
